
Microsoft Visual Studio Solution File, Format Version 12.00
# Visual Studio 14
VisualStudioVersion = 14.0.25420.1
MinimumVisualStudioVersion = 10.0.40219.1
Project("{FAE04EC0-301F-11D3-BF4B-00C04F79EFBC}") = "FARMASISGITHUB.Service", "FARMASISGITHUB.Service\FARMASISGITHUB.Service.csproj", "{E048A8AE-5369-4E96-AA57-7884F3A92ECA}"
EndProject
Global
	GlobalSection(SolutionConfigurationPlatforms) = preSolution
		Debug|Any CPU = Debug|Any CPU
		Release|Any CPU = Release|Any CPU
	EndGlobalSection
	GlobalSection(ProjectConfigurationPlatforms) = postSolution
		{E048A8AE-5369-4E96-AA57-7884F3A92ECA}.Debug|Any CPU.ActiveCfg = Debug|Any CPU
		{E048A8AE-5369-4E96-AA57-7884F3A92ECA}.Debug|Any CPU.Build.0 = Debug|Any CPU
		{E048A8AE-5369-4E96-AA57-7884F3A92ECA}.Release|Any CPU.ActiveCfg = Release|Any CPU
		{E048A8AE-5369-4E96-AA57-7884F3A92ECA}.Release|Any CPU.Build.0 = Release|Any CPU
	EndGlobalSection
	GlobalSection(SolutionProperties) = preSolution
		HideSolutionNode = FALSE
	EndGlobalSection
EndGlobal
